
Microsoft Visual Studio Solution File, Format Version 12.00
Project("{FAE04EC0-301F-11D3-BF4B-00C04F79EFBC}") = "ASPWithReactWebAppVerstaTestovoe", "ASPWithReactWebAppVerstaTestovoe\ASPWithReactWebAppVerstaTestovoe.csproj", "{287B98B9-A934-47A0-931B-4C7EA836B987}"
EndProject
Global
	GlobalSection(SolutionConfigurationPlatforms) = preSolution
		Debug|Any CPU = Debug|Any CPU
		Release|Any CPU = Release|Any CPU
	EndGlobalSection
	GlobalSection(ProjectConfigurationPlatforms) = postSolution
		{287B98B9-A934-47A0-931B-4C7EA836B987}.Debug|Any CPU.ActiveCfg = Debug|Any CPU
		{287B98B9-A934-47A0-931B-4C7EA836B987}.Debug|Any CPU.Build.0 = Debug|Any CPU
		{287B98B9-A934-47A0-931B-4C7EA836B987}.Release|Any CPU.ActiveCfg = Release|Any CPU
		{287B98B9-A934-47A0-931B-4C7EA836B987}.Release|Any CPU.Build.0 = Release|Any CPU
	EndGlobalSection
EndGlobal
